{
  "name": "hodr",
  "version": "1.0.0",
  "lockfileVersion": 1,
  "requires": true,
  "dependencies": {
    "seidr": {
      "version": "1.7.0-rc1",
      "resolved": "https://registry.npmjs.org/seidr/-/seidr-1.7.0-rc1.tgz",
      "integrity": "sha512-4p4YgFwLo9gQY2NrqErUj9wZs/QD8sP6i4UCVhg1aw8vp2S11tu3AFWGDuZDNbfUzEQi6N5yr2m9DULvMFpk8g==",
      "requires": {
        "sums-up": "^2.0.2"
      },
      "dependencies": {
        "sums-up": {
          "version": "2.1.0",
          "resolved": "https://registry.npmjs.org/sums-up/-/sums-up-2.1.0.tgz",
          "integrity": "sha512-lJ6tnYp1oszZGPYpq5dMnH48izRXA0slVJGJZdeGtYxRN5A+BvnfR0Gd7Z7bWDPPAytmjtm8jGqxgcLmlxbvVw=="
        }
      }
    },
    "sums-up": {
      "version": "2.2.0-1",
      "resolved": "https://registry.npmjs.org/sums-up/-/sums-up-2.2.0-1.tgz",
      "integrity": "sha512-unoBEI4TVU9bqiFHEyH2QAsmia88bJDq9JlYmGAQuG1VH8a5zBPQiyK6e8bPOKxo01L8AfEjwp4JKWQl1V1F8Q=="
    },
    "typescript": {
      "version": "3.8.3",
      "resolved": "https://registry.npmjs.org/typescript/-/typescript-3.8.3.tgz",
      "integrity": "sha512-MYlEfn5VrLNsgudQTVJeNaQFUAI7DkhnOjdpAp4T+ku1TfQClewlbSuTVHiA+8skNBgaf02TL/kLOvig4y3G8w==",
      "dev": true
    }
  }
}
